// !$*UTF8*$!
{
	archiveVersion = 1;
	classes = {
	};
	objectVersion = 77;
	objects = {

/* Begin PBXContainerItemProxy section */
		95B96E4A2CB2660E009FDFB3 /* PBXContainerItemProxy */ = {
			isa = PBXContainerItemProxy;
			containerPortal = 95B96E2B2CB2660C009FDFB3 /* Project object */;
			proxyType = 1;
			remoteGlobalIDString = 95B96E322CB2660C009FDFB3;
			remoteInfo = "Yeuk_Lai_Rickie_Au_MAPD714-002_Assign2";
		};
		95B96E542CB2660E009FDFB3 /* PBXContainerItemProxy */ = {
			isa = PBXContainerItemProxy;
			containerPortal = 95B96E2B2CB2660C009FDFB3 /* Project object */;
			proxyType = 1;
			remoteGlobalIDString = 95B96E322CB2660C009FDFB3;
			remoteInfo = "Yeuk_Lai_Rickie_Au_MAPD714-002_Assign2";
		};
/* End PBXContainerItemProxy section */

/* Begin PBXFileReference section */
		95B96E332CB2660C009FDFB3 /* Yeuk_Lai_Rickie_Au_MAPD714-002_Assign2.app */ = {isa = PBXFileReference; explicitFileType = wrapper.application; includeInIndex = 0; path = "Yeuk_Lai_Rickie_Au_MAPD714-002_Assign2.app"; sourceTree = BUILT_PRODUCTS_DIR; };
		95B96E492CB2660E009FDFB3 /* Yeuk_Lai_Rickie_Au_MAPD714-002_Assign2Tests.xctest */ = {isa = PBXFileReference; explicitFileType = wrapper.cfbundle; includeInIndex = 0; path = "Yeuk_Lai_Rickie_Au_MAPD714-002_Assign2Tests.xctest"; sourceTree = BUILT_PRODUCTS_DIR; };
		95B96E532CB2660E009FDFB3 /* Yeuk_Lai_Rickie_Au_MAPD714-002_Assign2UITests.xctest */ = {isa = PBXFileReference; explicitFileType = wrapper.cfbundle; includeInIndex = 0; path = "Yeuk_Lai_Rickie_Au_MAPD714-002_Assign2UITests.xctest"; sourceTree = BUILT_PRODUCTS_DIR; };
/* End PBXFileReference section */

/* Begin PBXFileSystemSynchronizedBuildFileExceptionSet section */
		95B96E5B2CB2660E009FDFB3 /* Exceptions for "Yeuk_Lai_Rickie_Au_MAPD714-002_Assign2" folder in "Yeuk_Lai_Rickie_Au_MAPD714-002_Assign2" target */ = {
			isa = PBXFileSystemSynchronizedBuildFileExceptionSet;
			membershipExceptions = (
				Info.plist,
			);
			target = 95B96E322CB2660C009FDFB3 /* Yeuk_Lai_Rickie_Au_MAPD714-002_Assign2 */;
		};
/* End PBXFileSystemSynchronizedBuildFileExceptionSet section */

/* Begin PBXFileSystemSynchronizedRootGroup section */
		95B96E352CB2660C009FDFB3 /* Yeuk_Lai_Rickie_Au_MAPD714-002_Assign2 */ = {
			isa = PBXFileSystemSynchronizedRootGroup;
			exceptions = (
				95B96E5B2CB2660E009FDFB3 /* Exceptions for "Yeuk_Lai_Rickie_Au_MAPD714-002_Assign2" folder in "Yeuk_Lai_Rickie_Au_MAPD714-002_Assign2" target */,
			);
			path = "Yeuk_Lai_Rickie_Au_MAPD714-002_Assign2";
			sourceTree = "<group>";
		};
		95B96E4C2CB2660E009FDFB3 /* Yeuk_Lai_Rickie_Au_MAPD714-002_Assign2Tests */ = {
			isa = PBXFileSystemSynchronizedRootGroup;
			path = "Yeuk_Lai_Rickie_Au_MAPD714-002_Assign2Tests";
			sourceTree = "<group>";
		};
		95B96E562CB2660E009FDFB3 /* Yeuk_Lai_Rickie_Au_MAPD714-002_Assign2UITests */ = {
			isa = PBXFileSystemSynchronizedRootGroup;
			path = "Yeuk_Lai_Rickie_Au_MAPD714-002_Assign2UITests";
			sourceTree = "<group>";
		};
/* End PBXFileSystemSynchronizedRootGroup section */

/* Begin PBXFrameworksBuildPhase section */
		95B96E302CB2660C009FDFB3 /* Frameworks */ = {
			isa = PBXFrameworksBuildPhase;
			buildActionMask = 2147483647;
			files = (
			);
			runOnlyForDeploymentPostprocessing = 0;
		};
		95B96E462CB2660E009FDFB3 /* Frameworks */ = {
			isa = PBXFrameworksBuildPhase;
			buildActionMask = 2147483647;
			files = (
			);
			runOnlyForDeploymentPostprocessing = 0;
		};
		95B96E502CB2660E009FDFB3 /* Frameworks */ = {
			isa = PBXFrameworksBuildPhase;
			buildActionMask = 2147483647;
			files = (
			);
			runOnlyForDeploymentPostprocessing = 0;
		};
/* End PBXFrameworksBuildPhase section */

/* Begin PBXGroup section */
		95B96E2A2CB2660C009FDFB3 = {
			isa = PBXGroup;
			children = (
				95B96E352CB2660C009FDFB3 /* Yeuk_Lai_Rickie_Au_MAPD714-002_Assign2 */,
				95B96E4C2CB2660E009FDFB3 /* Yeuk_Lai_Rickie_Au_MAPD714-002_Assign2Tests */,
				95B96E562CB2660E009FDFB3 /* Yeuk_Lai_Rickie_Au_MAPD714-002_Assign2UITests */,
				95B96E342CB2660C009FDFB3 /* Products */,
			);
			sourceTree = "<group>";
		};
		95B96E342CB2660C009FDFB3 /* Products */ = {
			isa = PBXGroup;
			children = (
				95B96E332CB2660C009FDFB3 /* Yeuk_Lai_Rickie_Au_MAPD714-002_Assign2.app */,
				95B96E492CB2660E009FDFB3 /* Yeuk_Lai_Rickie_Au_MAPD714-002_Assign2Tests.xctest */,
				95B96E532CB2660E009FDFB3 /* Yeuk_Lai_Rickie_Au_MAPD714-002_Assign2UITests.xctest */,
			);
			name = Products;
			sourceTree = "<group>";
		};
/* End PBXGroup section */

/* Begin PBXNativeTarget section */
		95B96E322CB2660C009FDFB3 /* Yeuk_Lai_Rickie_Au_MAPD714-002_Assign2 */ = {
			isa = PBXNativeTarget;
			buildConfigurationList = 95B96E5C2CB2660E009FDFB3 /* Build configuration list for PBXNativeTarget "Yeuk_Lai_Rickie_Au_MAPD714-002_Assign2" */;
			buildPhases = (
				95B96E2F2CB2660C009FDFB3 /* Sources */,
				95B96E302CB2660C009FDFB3 /* Frameworks */,
				95B96E312CB2660C009FDFB3 /* Resources */,
			);
			buildRules = (
			);
			dependencies = (
			);
			fileSystemSynchronizedGroups = (
				95B96E352CB2660C009FDFB3 /* Yeuk_Lai_Rickie_Au_MAPD714-002_Assign2 */,
			);
			name = "Yeuk_Lai_Rickie_Au_MAPD714-002_Assign2";
			packageProductDependencies = (
			);
			productName = "Yeuk_Lai_Rickie_Au_MAPD714-002_Assign2";
			productReference = 95B96E332CB2660C009FDFB3 /* Yeuk_Lai_Rickie_Au_MAPD714-002_Assign2.app */;
			productType = "com.apple.product-type.application";
		};
		95B96E482CB2660E009FDFB3 /* Yeuk_Lai_Rickie_Au_MAPD714-002_Assign2Tests */ = {
			isa = PBXNativeTarget;
			buildConfigurationList = 95B96E612CB2660E009FDFB3 /* Build configuration list for PBXNativeTarget "Yeuk_Lai_Rickie_Au_MAPD714-002_Assign2Tests" */;
			buildPhases = (
				95B96E452CB2660E009FDFB3 /* Sources */,
				95B96E462CB2660E009FDFB3 /* Frameworks */,
				95B96E472CB2660E009FDFB3 /* Resources */,
			);
			buildRules = (
			);
			dependencies = (
				95B96E4B2CB2660E009FDFB3 /* PBXTargetDependency */,
			);
			fileSystemSynchronizedGroups = (
				95B96E4C2CB2660E009FDFB3 /* Yeuk_Lai_Rickie_Au_MAPD714-002_Assign2Tests */,
			);
			name = "Yeuk_Lai_Rickie_Au_MAPD714-002_Assign2Tests";
			packageProductDependencies = (
			);
			productName = "Yeuk_Lai_Rickie_Au_MAPD714-002_Assign2Tests";
			productReference = 95B96E492CB2660E009FDFB3 /* Yeuk_Lai_Rickie_Au_MAPD714-002_Assign2Tests.xctest */;
			productType = "com.apple.product-type.bundle.unit-test";
		};
		95B96E522CB2660E009FDFB3 /* Yeuk_Lai_Rickie_Au_MAPD714-002_Assign2UITests */ = {
			isa = PBXNativeTarget;
			buildConfigurationList = 95B96E642CB2660E009FDFB3 /* Build configuration list for PBXNativeTarget "Yeuk_Lai_Rickie_Au_MAPD714-002_Assign2UITests" */;
			buildPhases = (
				95B96E4F2CB2660E009FDFB3 /* Sources */,
				95B96E502CB2660E009FDFB3 /* Frameworks */,
				95B96E512CB2660E009FDFB3 /* Resources */,
			);
			buildRules = (
			);
			dependencies = (
				95B96E552CB2660E009FDFB3 /* PBXTargetDependency */,
			);
			fileSystemSynchronizedGroups = (
				95B96E562CB2660E009FDFB3 /* Yeuk_Lai_Rickie_Au_MAPD714-002_Assign2UITests */,
			);
			name = "Yeuk_Lai_Rickie_Au_MAPD714-002_Assign2UITests";
			packageProductDependencies = (
			);
			productName = "Yeuk_Lai_Rickie_Au_MAPD714-002_Assign2UITests";
			productReference = 95B96E532CB2660E009FDFB3 /* Yeuk_Lai_Rickie_Au_MAPD714-002_Assign2UITests.xctest */;
			productType = "com.apple.product-type.bundle.ui-testing";
		};
/* End PBXNativeTarget section */

/* Begin PBXProject section */
		95B96E2B2CB2660C009FDFB3 /* Project object */ = {
			isa = PBXProject;
			attributes = {
				BuildIndependentTargetsInParallel = 1;
				LastSwiftUpdateCheck = 1600;
				LastUpgradeCheck = 1600;
				TargetAttributes = {
					95B96E322CB2660C009FDFB3 = {
						CreatedOnToolsVersion = 16.0;
					};
					95B96E482CB2660E009FDFB3 = {
						CreatedOnToolsVersion = 16.0;
						TestTargetID = 95B96E322CB2660C009FDFB3;
					};
					95B96E522CB2660E009FDFB3 = {
						CreatedOnToolsVersion = 16.0;
						TestTargetID = 95B96E322CB2660C009FDFB3;
					};
				};
			};
			buildConfigurationList = 95B96E2E2CB2660C009FDFB3 /* Build configuration list for PBXProject "Yeuk_Lai_Rickie_Au_MAPD714-002_Assign2" */;
			developmentRegion = en;
			hasScannedForEncodings = 0;
			knownRegions = (
				en,
				Base,
			);
			mainGroup = 95B96E2A2CB2660C009FDFB3;
			minimizedProjectReferenceProxies = 1;
			preferredProjectObjectVersion = 77;
			productRefGroup = 95B96E342CB2660C009FDFB3 /* Products */;
			projectDirPath = "";
			projectRoot = "";
			targets = (
				95B96E322CB2660C009FDFB3 /* Yeuk_Lai_Rickie_Au_MAPD714-002_Assign2 */,
				95B96E482CB2660E009FDFB3 /* Yeuk_Lai_Rickie_Au_MAPD714-002_Assign2Tests */,
				95B96E522CB2660E009FDFB3 /* Yeuk_Lai_Rickie_Au_MAPD714-002_Assign2UITests */,
			);
		};
/* End PBXProject section */

/* Begin PBXResourcesBuildPhase section */
		95B96E312CB2660C009FDFB3 /* Resources */ = {
			isa = PBXResourcesBuildPhase;
			buildActionMask = 2147483647;
			files = (
			);
			runOnlyForDeploymentPostprocessing = 0;
		};
		95B96E472CB2660E009FDFB3 /* Resources */ = {
			isa = PBXResourcesBuildPhase;
			buildActionMask = 2147483647;
			files = (
			);
			runOnlyForDeploymentPostprocessing = 0;
		};
		95B96E512CB2660E009FDFB3 /* Resources */ = {
			isa = PBXResourcesBuildPhase;
			buildActionMask = 2147483647;
			files = (
			);
			runOnlyForDeploymentPostprocessing = 0;
		};
/* End PBXResourcesBuildPhase section */

/* Begin PBXSourcesBuildPhase section */
		95B96E2F2CB2660C009FDFB3 /* Sources */ = {
			isa = PBXSourcesBuildPhase;
			buildActionMask = 2147483647;
			files = (
			);
			runOnlyForDeploymentPostprocessing = 0;
		};
		95B96E452CB2660E009FDFB3 /* Sources */ = {
			isa = PBXSourcesBuildPhase;
			buildActionMask = 2147483647;
			files = (
			);
			runOnlyForDeploymentPostprocessing = 0;
		};
		95B96E4F2CB2660E009FDFB3 /* Sources */ = {
			isa = PBXSourcesBuildPhase;
			buildActionMask = 2147483647;
			files = (
			);
			runOnlyForDeploymentPostprocessing = 0;
		};
/* End PBXSourcesBuildPhase section */

/* Begin PBXTargetDependency section */
		95B96E4B2CB2660E009FDFB3 /* PBXTargetDependency */ = {
			isa = PBXTargetDependency;
			target = 95B96E322CB2660C009FDFB3 /* Yeuk_Lai_Rickie_Au_MAPD714-002_Assign2 */;
			targetProxy = 95B96E4A2CB2660E009FDFB3 /* PBXContainerItemProxy */;
		};
		95B96E552CB2660E009FDFB3 /* PBXTargetDependency */ = {
			isa = PBXTargetDependency;
			target = 95B96E322CB2660C009FDFB3 /* Yeuk_Lai_Rickie_Au_MAPD714-002_Assign2 */;
			targetProxy = 95B96E542CB2660E009FDFB3 /* PBXContainerItemProxy */;
		};
/* End PBXTargetDependency section */

/* Begin XCBuildConfiguration section */
		95B96E5D2CB2660E009FDFB3 /* Debug */ = {
			isa = XCBuildConfiguration;
			buildSettings = {
				ASSETCATALOG_COMPILER_APPICON_NAME = AppIcon;
				ASSETCATALOG_COMPILER_GLOBAL_ACCENT_COLOR_NAME = AccentColor;
				CODE_SIGN_STYLE = Automatic;
				CURRENT_PROJECT_VERSION = 1;
				GENERATE_INFOPLIST_FILE = YES;
				INFOPLIST_FILE = "Yeuk_Lai_Rickie_Au_MAPD714-002_Assign2/Info.plist";
				INFOPLIST_KEY_UIApplicationSupportsIndirectInputEvents = YES;
				INFOPLIST_KEY_UILaunchStoryboardName = LaunchScreen;
				INFOPLIST_KEY_UIMainStoryboardFile = Main;
				INFOPLIST_KEY_UISupportedInterfaceOrientations_iPad = "UIInterfaceOrientationPortrait UIInterfaceOrientationPortraitUpsideDown UIInterfaceOrientationLandscapeLeft UIInterfaceOrientationLandscapeRight";
				INFOPLIST_KEY_UISupportedInterfaceOrientations_iPhone = "UIInterfaceOrientationPortrait UIInterfaceOrientationLandscapeLeft UIInterfaceOrientationLandscapeRight";
				LD_RUNPATH_SEARCH_PATHS = (
					"$(inherited)",
					"@executable_path/Frameworks",
				);
				MARKETING_VERSION = 1.0;
				PRODUCT_BUNDLE_IDENTIFIER = "rickie.Yeuk-Lai-Rickie-Au-MAPD714-002-Assign2";
				PRODUCT_NAME = "$(TARGET_NAME)";
				SWIFT_EMIT_LOC_STRINGS = YES;
				SWIFT_VERSION = 5.0;
				TARGETED_DEVICE_FAMILY = "1,2";
			};
			name = Debug;
		};
		95B96E5E2CB2660E009FDFB3 /* Release */ = {
			isa = XCBuildConfiguration;
			buildSettings = {
				ASSETCATALOG_COMPILER_APPICON_NAME = AppIcon;
				ASSETCATALOG_COMPILER_GLOBAL_ACCENT_COLOR_NAME = AccentColor;
				CODE_SIGN_STYLE = Automatic;
				CURRENT_PROJECT_VERSION = 1;
				GENERATE_INFOPLIST_FILE = YES;
				INFOPLIST_FILE = "Yeuk_Lai_Rickie_Au_MAPD714-002_Assign2/Info.plist";
				INFOPLIST_KEY_UIApplicationSupportsIndirectInputEvents = YES;
				INFOPLIST_KEY_UILaunchStoryboardName = LaunchScreen;
				INFOPLIST_KEY_UIMainStoryboardFile = Main;
				INFOPLIST_KEY_UISupportedInterfaceOrientations_iPad = "UIInterfaceOrientationPortrait UIInterfaceOrientationPortraitUpsideDown UIInterfaceOrientationLandscapeLeft UIInterfaceOrientationLandscapeRight";
				INFOPLIST_KEY_UISupportedInterfaceOrientations_iPhone = "UIInterfaceOrientationPortrait UIInterfaceOrientationLandscapeLeft UIInterfaceOrientationLandscapeRight";
				LD_RUNPATH_SEARCH_PATHS = (
					"$(inherited)",
					"@executable_path/Frameworks",
				);
				MARKETING_VERSION = 1.0;
				PRODUCT_BUNDLE_IDENTIFIER = "rickie.Yeuk-Lai-Rickie-Au-MAPD714-002-Assign2";
				PRODUCT_NAME = "$(TARGET_NAME)";
				SWIFT_EMIT_LOC_STRINGS = YES;
				SWIFT_VERSION = 5.0;
				TARGETED_DEVICE_FAMILY = "1,2";
			};
			name = Release;
		};
		95B96E5F2CB2660E009FDFB3 /* Debug */ = {
			isa = XCBuildConfiguration;
			buildSettings = {
				ALWAYS_SEARCH_USER_PATHS = NO;
				ASSETCATALOG_COMPILER_GENERATE_SWIFT_ASSET_SYMBOL_EXTENSIONS = YES;
				CLANG_ANALYZER_NONNULL = YES;
				CLANG_ANALYZER_NUMBER_OBJECT_CONVERSION = YES_AGGRESSIVE;
				CLANG_CXX_LANGUAGE_STANDARD = "gnu++20";
				CLANG_ENABLE_MODULES = YES;
				CLANG_ENABLE_OBJC_ARC = YES;
				CLANG_ENABLE_OBJC_WEAK = YES;
				CLANG_WARN_BLOCK_CAPTURE_AUTORELEASING = YES;
				CLANG_WARN_BOOL_CONVERSION = YES;
				CLANG_WARN_COMMA = YES;
				CLANG_WARN_CONSTANT_CONVERSION = YES;
				CLANG_WARN_DEPRECATED_OBJC_IMPLEMENTATIONS = YES;
				CLANG_WARN_DIRECT_OBJC_ISA_USAGE = YES_ERROR;
				CLANG_WARN_DOCUMENTATION_COMMENTS = YES;
				CLANG_WARN_EMPTY_BODY = YES;
				CLANG_WARN_ENUM_CONVERSION = YES;
				CLANG_WARN_INFINITE_RECURSION = YES;
				CLANG_WARN_INT_CONVERSION = YES;
				CLANG_WARN_NON_LITERAL_NULL_CONVERSION = YES;
				CLANG_WARN_OBJC_IMPLICIT_RETAIN_SELF = YES;
				CLANG_WARN_OBJC_LITERAL_CONVERSION = YES;
				CLANG_WARN_OBJC_ROOT_CLASS = YES_ERROR;
				CLANG_WARN_QUOTED_INCLUDE_IN_FRAMEWORK_HEADER = YES;
				CLANG_WARN_RANGE_LOOP_ANALYSIS = YES;
				CLANG_WARN_STRICT_PROTOTYPES = YES;
				CLANG_WARN_SUSPICIOUS_MOVE = YES;
				CLANG_WARN_UNGUARDED_AVAILABILITY = YES_AGGRESSIVE;
				CLANG_WARN_UNREACHABLE_CODE = YES;
				CLANG_WARN__DUPLICATE_METHOD_MATCH = YES;
				COPY_PHASE_STRIP = NO;
				DEBUG_INFORMATION_FORMAT = dwarf;
				ENABLE_STRICT_OBJC_MSGSEND = YES;
				ENABLE_TESTABILITY = YES;
				ENABLE_USER_SCRIPT_SANDBOXING = YES;
				GCC_C_LANGUAGE_STANDARD = gnu17;
				GCC_DYNAMIC_NO_PIC = NO;
				GCC_NO_COMMON_BLOCKS = YES;
				GCC_OPTIMIZATION_LEVEL = 0;
				GCC_PREPROCESSOR_DEFINITIONS = (
					"DEBUG=1",
					"$(inherited)",
				);
				GCC_WARN_64_TO_32_BIT_CONVERSION = YES;
				GCC_WARN_ABOUT_RETURN_TYPE = YES_ERROR;
				GCC_WARN_UNDECLARED_SELECTOR = YES;
				GCC_WARN_UNINITIALIZED_AUTOS = YES_AGGRESSIVE;
				GCC_WARN_UNUSED_FUNCTION = YES;
				GCC_WARN_UNUSED_VARIABLE = YES;
				IPHONEOS_DEPLOYMENT_TARGET = 18.0;
				LOCALIZATION_PREFERS_STRING_CATALOGS = YES;
				MTL_ENABLE_DEBUG_INFO = INCLUDE_SOURCE;
				MTL_FAST_MATH = YES;
				ONLY_ACTIVE_ARCH = YES;
				SDKROOT = iphoneos;
				SWIFT_ACTIVE_COMPILATION_CONDITIONS = "DEBUG $(inherited)";
				SWIFT_OPTIMIZATION_LEVEL = "-Onone";
			};
			name = Debug;
		};
		95B96E602CB2660E009FDFB3 /* Release */ = {
			isa = XCBuildConfiguration;
			buildSettings = {
				ALWAYS_SEARCH_USER_PATHS = NO;
				ASSETCATALOG_COMPILER_GENERATE_SWIFT_ASSET_SYMBOL_EXTENSIONS = YES;
				CLANG_ANALYZER_NONNULL = YES;
				CLANG_ANALYZER_NUMBER_OBJECT_CONVERSION = YES_AGGRESSIVE;
				CLANG_CXX_LANGUAGE_STANDARD = "gnu++20";
				CLANG_ENABLE_MODULES = YES;
				CLANG_ENABLE_OBJC_ARC = YES;
				CLANG_ENABLE_OBJC_WEAK = YES;
				CLANG_WARN_BLOCK_CAPTURE_AUTORELEASING = YES;
				CLANG_WARN_BOOL_CONVERSION = YES;
				CLANG_WARN_COMMA = YES;
				CLANG_WARN_CONSTANT_CONVERSION = YES;
				CLANG_WARN_DEPRECATED_OBJC_IMPLEMENTATIONS = YES;
				CLANG_WARN_DIRECT_OBJC_ISA_USAGE = YES_ERROR;
				CLANG_WARN_DOCUMENTATION_COMMENTS = YES;
				CLANG_WARN_EMPTY_BODY = YES;
				CLANG_WARN_ENUM_CONVERSION = YES;
				CLANG_WARN_INFINITE_RECURSION = YES;
				CLANG_WARN_INT_CONVERSION = YES;
				CLANG_WARN_NON_LITERAL_NULL_CONVERSION = YES;
				CLANG_WARN_OBJC_IMPLICIT_RETAIN_SELF = YES;
				CLANG_WARN_OBJC_LITERAL_CONVERSION = YES;
				CLANG_WARN_OBJC_ROOT_CLASS = YES_ERROR;
				CLANG_WARN_QUOTED_INCLUDE_IN_FRAMEWORK_HEADER = YES;
				CLANG_WARN_RANGE_LOOP_ANALYSIS = YES;
				CLANG_WARN_STRICT_PROTOTYPES = YES;
				CLANG_WARN_SUSPICIOUS_MOVE = YES;
				CLANG_WARN_UNGUARDED_AVAILABILITY = YES_AGGRESSIVE;
				CLANG_WARN_UNREACHABLE_CODE = YES;
				CLANG_WARN__DUPLICATE_METHOD_MATCH = YES;
				COPY_PHASE_STRIP = NO;
				DEBUG_INFORMATION_FORMAT = "dwarf-with-dsym";
				ENABLE_NS_ASSERTIONS = NO;
				ENABLE_STRICT_OBJC_MSGSEND = YES;
				ENABLE_USER_SCRIPT_SANDBOXING = YES;
				GCC_C_LANGUAGE_STANDARD = gnu17;
				GCC_NO_COMMON_BLOCKS = YES;
				GCC_WARN_64_TO_32_BIT_CONVERSION = YES;
				GCC_WARN_ABOUT_RETURN_TYPE = YES_ERROR;
				GCC_WARN_UNDECLARED_SELECTOR = YES;
				GCC_WARN_UNINITIALIZED_AUTOS = YES_AGGRESSIVE;
				GCC_WARN_UNUSED_FUNCTION = YES;
				GCC_WARN_UNUSED_VARIABLE = YES;
				IPHONEOS_DEPLOYMENT_TARGET = 18.0;
				LOCALIZATION_PREFERS_STRING_CATALOGS = YES;
				MTL_ENABLE_DEBUG_INFO = NO;
				MTL_FAST_MATH = YES;
				SDKROOT = iphoneos;
				SWIFT_COMPILATION_MODE = wholemodule;
				VALIDATE_PRODUCT = YES;
			};
			name = Release;
		};
		95B96E622CB2660E009FDFB3 /* Debug */ = {
			isa = XCBuildConfiguration;
			buildSettings = {
				BUNDLE_LOADER = "$(TEST_HOST)";
				CODE_SIGN_STYLE = Automatic;
				CURRENT_PROJECT_VERSION = 1;
				GENERATE_INFOPLIST_FILE = YES;
				IPHONEOS_DEPLOYMENT_TARGET = 18.0;
				MARKETING_VERSION = 1.0;
				PRODUCT_BUNDLE_IDENTIFIER = "rickie.Yeuk-Lai-Rickie-Au-MAPD714-002-Assign2Tests";
				PRODUCT_NAME = "$(TARGET_NAME)";
				SWIFT_EMIT_LOC_STRINGS = NO;
				SWIFT_VERSION = 5.0;
				TARGETED_DEVICE_FAMILY = "1,2";
				TEST_HOST = "$(BUILT_PRODUCTS_DIR)/Yeuk_Lai_Rickie_Au_MAPD714-002_Assign2.app/$(BUNDLE_EXECUTABLE_FOLDER_PATH)/Yeuk_Lai_Rickie_Au_MAPD714-002_Assign2";
			};
			name = Debug;
		};
		95B96E632CB2660E009FDFB3 /* Release */ = {
			isa = XCBuildConfiguration;
			buildSettings = {
				BUNDLE_LOADER = "$(TEST_HOST)";
				CODE_SIGN_STYLE = Automatic;
				CURRENT_PROJECT_VERSION = 1;
				GENERATE_INFOPLIST_FILE = YES;
				IPHONEOS_DEPLOYMENT_TARGET = 18.0;
				MARKETING_VERSION = 1.0;
				PRODUCT_BUNDLE_IDENTIFIER = "rickie.Yeuk-Lai-Rickie-Au-MAPD714-002-Assign2Tests";
				PRODUCT_NAME = "$(TARGET_NAME)";
				SWIFT_EMIT_LOC_STRINGS = NO;
				SWIFT_VERSION = 5.0;
				TARGETED_DEVICE_FAMILY = "1,2";
				TEST_HOST = "$(BUILT_PRODUCTS_DIR)/Yeuk_Lai_Rickie_Au_MAPD714-002_Assign2.app/$(BUNDLE_EXECUTABLE_FOLDER_PATH)/Yeuk_Lai_Rickie_Au_MAPD714-002_Assign2";
			};
			name = Release;
		};
		95B96E652CB2660E009FDFB3 /* Debug */ = {
			isa = XCBuildConfiguration;
			buildSettings = {
				CODE_SIGN_STYLE = Automatic;
				CURRENT_PROJECT_VERSION = 1;
				GENERATE_INFOPLIST_FILE = YES;
				MARKETING_VERSION = 1.0;
				PRODUCT_BUNDLE_IDENTIFIER = "rickie.Yeuk-Lai-Rickie-Au-MAPD714-002-Assign2UITests";
				PRODUCT_NAME = "$(TARGET_NAME)";
				SWIFT_EMIT_LOC_STRINGS = NO;
				SWIFT_VERSION = 5.0;
				TARGETED_DEVICE_FAMILY = "1,2";
				TEST_TARGET_NAME = "Yeuk_Lai_Rickie_Au_MAPD714-002_Assign2";
			};
			name = Debug;
		};
		95B96E662CB2660E009FDFB3 /* Release */ = {
			isa = XCBuildConfiguration;
			buildSettings = {
				CODE_SIGN_STYLE = Automatic;
				CURRENT_PROJECT_VERSION = 1;
				GENERATE_INFOPLIST_FILE = YES;
				MARKETING_VERSION = 1.0;
				PRODUCT_BUNDLE_IDENTIFIER = "rickie.Yeuk-Lai-Rickie-Au-MAPD714-002-Assign2UITests";
				PRODUCT_NAME = "$(TARGET_NAME)";
				SWIFT_EMIT_LOC_STRINGS = NO;
				SWIFT_VERSION = 5.0;
				TARGETED_DEVICE_FAMILY = "1,2";
				TEST_TARGET_NAME = "Yeuk_Lai_Rickie_Au_MAPD714-002_Assign2";
			};
			name = Release;
		};
/* End XCBuildConfiguration section */

/* Begin XCConfigurationList section */
		95B96E2E2CB2660C009FDFB3 /* Build configuration list for PBXProject "Yeuk_Lai_Rickie_Au_MAPD714-002_Assign2" */ = {
			isa = XCConfigurationList;
			buildConfigurations = (
				95B96E5F2CB2660E009FDFB3 /* Debug */,
				95B96E602CB2660E009FDFB3 /* Release */,
			);
			defaultConfigurationIsVisible = 0;
			defaultConfigurationName = Release;
		};
		95B96E5C2CB2660E009FDFB3 /* Build configuration list for PBXNativeTarget "Yeuk_Lai_Rickie_Au_MAPD714-002_Assign2" */ = {
			isa = XCConfigurationList;
			buildConfigurations = (
				95B96E5D2CB2660E009FDFB3 /* Debug */,
				95B96E5E2CB2660E009FDFB3 /* Release */,
			);
			defaultConfigurationIsVisible = 0;
			defaultConfigurationName = Release;
		};
		95B96E612CB2660E009FDFB3 /* Build configuration list for PBXNativeTarget "Yeuk_Lai_Rickie_Au_MAPD714-002_Assign2Tests" */ = {
			isa = XCConfigurationList;
			buildConfigurations = (
				95B96E622CB2660E009FDFB3 /* Debug */,
				95B96E632CB2660E009FDFB3 /* Release */,
			);
			defaultConfigurationIsVisible = 0;
			defaultConfigurationName = Release;
		};
		95B96E642CB2660E009FDFB3 /* Build configuration list for PBXNativeTarget "Yeuk_Lai_Rickie_Au_MAPD714-002_Assign2UITests" */ = {
			isa = XCConfigurationList;
			buildConfigurations = (
				95B96E652CB2660E009FDFB3 /* Debug */,
				95B96E662CB2660E009FDFB3 /* Release */,
			);
			defaultConfigurationIsVisible = 0;
			defaultConfigurationName = Release;
		};
/* End XCConfigurationList section */
	};
	rootObject = 95B96E2B2CB2660C009FDFB3 /* Project object */;
}
